
Microsoft Visual Studio Solution File, Format Version 12.00
# Visual Studio Version 16
VisualStudioVersion = 16.0.31112.23
MinimumVisualStudioVersion = 10.0.40219.1
Project("{FAE04EC0-301F-11D3-BF4B-00C04F79EFBC}") = "Таймер забафов", "Таймер забафов\Таймер забафов.csproj", "{7C43372F-6E9C-42EF-ACC3-C6AE0ACE1065}"
EndProject
Global
	GlobalSection(SolutionConfigurationPlatforms) = preSolution
		Debug|Any CPU = Debug|Any CPU
		Release|Any CPU = Release|Any CPU
	EndGlobalSection
	GlobalSection(ProjectConfigurationPlatforms) = postSolution
		{7C43372F-6E9C-42EF-ACC3-C6AE0ACE1065}.Debug|Any CPU.ActiveCfg = Debug|Any CPU
		{7C43372F-6E9C-42EF-ACC3-C6AE0ACE1065}.Debug|Any CPU.Build.0 = Debug|Any CPU
		{7C43372F-6E9C-42EF-ACC3-C6AE0ACE1065}.Release|Any CPU.ActiveCfg = Release|Any CPU
		{7C43372F-6E9C-42EF-ACC3-C6AE0ACE1065}.Release|Any CPU.Build.0 = Release|Any CPU
	EndGlobalSection
	GlobalSection(SolutionProperties) = preSolution
		HideSolutionNode = FALSE
	EndGlobalSection
	GlobalSection(ExtensibilityGlobals) = postSolution
		SolutionGuid = {85659A81-93FF-4C3C-B136-E3E116C1531D}
	EndGlobalSection
EndGlobal
